
Microsoft Visual Studio Solution File, Format Version 12.00
# Visual Studio 2013
VisualStudioVersion = 12.0.31101.0
MinimumVisualStudioVersion = 10.0.40219.1
Project("{2150E333-8FDC-42A3-9474-1A3956D46DE8}") = "Solution Items", "Solution Items", "{AC6653F3-C250-4325-8E36-131F86470220}"
	ProjectSection(SolutionItems) = preProject
		AUTHORS = AUTHORS
		BusinessObjects\BusinessObjects.nuspec = BusinessObjects\BusinessObjects.nuspec
		LICENSE = LICENSE
		README.md = README.md
	EndProjectSection
EndProject
Project("{FAE04EC0-301F-11D3-BF4B-00C04F79EFBC}") = "BusinessObjects", "BusinessObjects\BusinessObjects.csproj", "{06F90B65-7D19-46DC-8336-0F3335BE6C76}"
EndProject
Project("{FAE04EC0-301F-11D3-BF4B-00C04F79EFBC}") = "BusinessObjects.Tests", "BusinessObjects.Tests\BusinessObjects.Tests.csproj", "{E9972033-1922-4028-BFB6-CF352C026356}"
EndProject
Global
	GlobalSection(SolutionConfigurationPlatforms) = preSolution
		Debug|Any CPU = Debug|Any CPU
		Release|Any CPU = Release|Any CPU
	EndGlobalSection
	GlobalSection(ProjectConfigurationPlatforms) = postSolution
		{06F90B65-7D19-46DC-8336-0F3335BE6C76}.Debug|Any CPU.ActiveCfg = Debug|Any CPU
		{06F90B65-7D19-46DC-8336-0F3335BE6C76}.Debug|Any CPU.Build.0 = Debug|Any CPU
		{06F90B65-7D19-46DC-8336-0F3335BE6C76}.Release|Any CPU.ActiveCfg = Release|Any CPU
		{06F90B65-7D19-46DC-8336-0F3335BE6C76}.Release|Any CPU.Build.0 = Release|Any CPU
		{E9972033-1922-4028-BFB6-CF352C026356}.Debug|Any CPU.ActiveCfg = Debug|Any CPU
		{E9972033-1922-4028-BFB6-CF352C026356}.Debug|Any CPU.Build.0 = Debug|Any CPU
		{E9972033-1922-4028-BFB6-CF352C026356}.Release|Any CPU.ActiveCfg = Release|Any CPU
		{E9972033-1922-4028-BFB6-CF352C026356}.Release|Any CPU.Build.0 = Release|Any CPU
	EndGlobalSection
	GlobalSection(SolutionProperties) = preSolution
		HideSolutionNode = FALSE
	EndGlobalSection
EndGlobal
